
Microsoft Visual Studio Solution File, Format Version 12.00
# Visual Studio Version 16
VisualStudioVersion = 16.0.30711.63
MinimumVisualStudioVersion = 10.0.40219.1
Project("{9A19103F-16F7-4668-BE54-9A1E7A4F7556}") = "VoteSystem.Data", "VOoteSystem.Data\VoteSystem.Data.csproj", "{805FC037-289A-4F38-8C05-E3EBEADB3CDA}"
EndProject
Project("{9A19103F-16F7-4668-BE54-9A1E7A4F7556}") = "VoteSystem.EF", "..\VoteSystem.EF\VoteSystem.EF.csproj", "{984153D8-6BD2-46E0-81DE-EF1C083F14DA}"
EndProject
Global
	GlobalSection(SolutionConfigurationPlatforms) = preSolution
		Debug|Any CPU = Debug|Any CPU
		Release|Any CPU = Release|Any CPU
	EndGlobalSection
	GlobalSection(ProjectConfigurationPlatforms) = postSolution
		{805FC037-289A-4F38-8C05-E3EBEADB3CDA}.Debug|Any CPU.ActiveCfg = Debug|Any CPU
		{805FC037-289A-4F38-8C05-E3EBEADB3CDA}.Debug|Any CPU.Build.0 = Debug|Any CPU
		{805FC037-289A-4F38-8C05-E3EBEADB3CDA}.Release|Any CPU.ActiveCfg = Release|Any CPU
		{805FC037-289A-4F38-8C05-E3EBEADB3CDA}.Release|Any CPU.Build.0 = Release|Any CPU
		{984153D8-6BD2-46E0-81DE-EF1C083F14DA}.Debug|Any CPU.ActiveCfg = Debug|Any CPU
		{984153D8-6BD2-46E0-81DE-EF1C083F14DA}.Debug|Any CPU.Build.0 = Debug|Any CPU
		{984153D8-6BD2-46E0-81DE-EF1C083F14DA}.Release|Any CPU.ActiveCfg = Release|Any CPU
		{984153D8-6BD2-46E0-81DE-EF1C083F14DA}.Release|Any CPU.Build.0 = Release|Any CPU
	EndGlobalSection
	GlobalSection(SolutionProperties) = preSolution
		HideSolutionNode = FALSE
	EndGlobalSection
	GlobalSection(ExtensibilityGlobals) = postSolution
		SolutionGuid = {EC404C2A-21E4-4183-8F7C-ADCD4D26D6D1}
	EndGlobalSection
EndGlobal
